
Microsoft Visual Studio Solution File, Format Version 12.00
# Visual Studio Version 17
VisualStudioVersion = 17.14.36414.22 d17.14
MinimumVisualStudioVersion = 10.0.40219.1
Project("{8BC9CEB8-8B4A-11D0-8D11-00A0C91BC942}") = "example_unit", "example_unit\example_unit.vcxproj", "{E3B5A4FC-B299-4225-8810-034FBD2753B3}"
	ProjectSection(ProjectDependencies) = postProject
		{305B2C8C-3E57-464B-BBE4-EEAFB1B91439} = {305B2C8C-3E57-464B-BBE4-EEAFB1B91439}
	EndProjectSection
EndProject
Project("{8BC9CEB8-8B4A-11D0-8D11-00A0C91BC942}") = "module_1", "module_1\module_1.vcxproj", "{305B2C8C-3E57-464B-BBE4-EEAFB1B91439}"
EndProject
Project("{8BC9CEB8-8B4A-11D0-8D11-00A0C91BC942}") = "TEST", "TEST\TEST.vcxproj", "{3B3B575B-5251-9595-CC57-C425EE8C35F0}"
	ProjectSection(ProjectDependencies) = postProject
		{305B2C8C-3E57-464B-BBE4-EEAFB1B91439} = {305B2C8C-3E57-464B-BBE4-EEAFB1B91439}
	EndProjectSection
EndProject
Global
	GlobalSection(SolutionConfigurationPlatforms) = preSolution
		Debug|x64 = Debug|x64
		Debug|x86 = Debug|x86
		Release|x64 = Release|x64
		Release|x86 = Release|x86
	EndGlobalSection
	GlobalSection(ProjectConfigurationPlatforms) = postSolution
		{E3B5A4FC-B299-4225-8810-034FBD2753B3}.Debug|x64.ActiveCfg = Debug|x64
		{E3B5A4FC-B299-4225-8810-034FBD2753B3}.Debug|x64.Build.0 = Debug|x64
		{E3B5A4FC-B299-4225-8810-034FBD2753B3}.Debug|x86.ActiveCfg = Debug|Win32
		{E3B5A4FC-B299-4225-8810-034FBD2753B3}.Debug|x86.Build.0 = Debug|Win32
		{E3B5A4FC-B299-4225-8810-034FBD2753B3}.Release|x64.ActiveCfg = Release|x64
		{E3B5A4FC-B299-4225-8810-034FBD2753B3}.Release|x64.Build.0 = Release|x64
		{E3B5A4FC-B299-4225-8810-034FBD2753B3}.Release|x86.ActiveCfg = Release|Win32
		{E3B5A4FC-B299-4225-8810-034FBD2753B3}.Release|x86.Build.0 = Release|Win32
		{305B2C8C-3E57-464B-BBE4-EEAFB1B91439}.Debug|x64.ActiveCfg = Debug|x64
		{305B2C8C-3E57-464B-BBE4-EEAFB1B91439}.Debug|x64.Build.0 = Debug|x64
		{305B2C8C-3E57-464B-BBE4-EEAFB1B91439}.Debug|x86.ActiveCfg = Debug|Win32
		{305B2C8C-3E57-464B-BBE4-EEAFB1B91439}.Debug|x86.Build.0 = Debug|Win32
		{305B2C8C-3E57-464B-BBE4-EEAFB1B91439}.Release|x64.ActiveCfg = Release|x64
		{305B2C8C-3E57-464B-BBE4-EEAFB1B91439}.Release|x64.Build.0 = Release|x64
		{305B2C8C-3E57-464B-BBE4-EEAFB1B91439}.Release|x86.ActiveCfg = Release|Win32
		{305B2C8C-3E57-464B-BBE4-EEAFB1B91439}.Release|x86.Build.0 = Release|Win32
		{3B3B575B-5251-9595-CC57-C425EE8C35F0}.Debug|x64.ActiveCfg = Debug|x64
		{3B3B575B-5251-9595-CC57-C425EE8C35F0}.Debug|x64.Build.0 = Debug|x64
		{3B3B575B-5251-9595-CC57-C425EE8C35F0}.Debug|x86.ActiveCfg = Debug|Win32
		{3B3B575B-5251-9595-CC57-C425EE8C35F0}.Debug|x86.Build.0 = Debug|Win32
		{3B3B575B-5251-9595-CC57-C425EE8C35F0}.Release|x64.ActiveCfg = Release|x64
		{3B3B575B-5251-9595-CC57-C425EE8C35F0}.Release|x64.Build.0 = Release|x64
		{3B3B575B-5251-9595-CC57-C425EE8C35F0}.Release|x86.ActiveCfg = Release|Win32
		{3B3B575B-5251-9595-CC57-C425EE8C35F0}.Release|x86.Build.0 = Release|Win32
	EndGlobalSection
	GlobalSection(SolutionProperties) = preSolution
		HideSolutionNode = FALSE
	EndGlobalSection
	GlobalSection(ExtensibilityGlobals) = postSolution
		SolutionGuid = {C1439653-1611-405D-A3C1-96B8CA5D44A3}
	EndGlobalSection
EndGlobal
